
Microsoft Visual Studio Solution File, Format Version 12.00
# Visual Studio Version 17
VisualStudioVersion = 17.0.32112.339
MinimumVisualStudioVersion = 10.0.40219.1
Project("{9A19103F-16F7-4668-BE54-9A1E7A4F7556}") = "ECommerce", "ECommerce\ECommerce.csproj", "{DD8D796A-D1A6-49CC-8552-C8370C46FD78}"
EndProject
Project("{9A19103F-16F7-4668-BE54-9A1E7A4F7556}") = "Ecommerce.DAL", "Ecommerce.DAL\Ecommerce.DAL.csproj", "{6F062DE5-B741-41AA-9D43-E2EA8558E96A}"
EndProject
Project("{9A19103F-16F7-4668-BE54-9A1E7A4F7556}") = "Ecommerce.BAL", "Ecommerce.BAL\Ecommerce.BAL.csproj", "{5D7F0824-E245-4ED8-9A5D-274444D2E6BA}"
EndProject
Project("{9A19103F-16F7-4668-BE54-9A1E7A4F7556}") = "Ecommerce.Models", "Ecommerce.Models\Ecommerce.Models.csproj", "{FC958ADD-0C0A-4381-90E7-9F288D79753E}"
EndProject
Project("{9A19103F-16F7-4668-BE54-9A1E7A4F7556}") = "Ecommerce.Common", "Ecommerce.Common\Ecommerce.Common.csproj", "{096F647F-E79B-4869-A2ED-100BAB35C980}"
EndProject
Project("{9A19103F-16F7-4668-BE54-9A1E7A4F7556}") = "Ecommerce.Helper", "Ecommerce.Helper\Ecommerce.Helper.csproj", "{0BBE64E3-A8DC-442A-8B02-1BD85CB6DDA3}"
EndProject
Global
	GlobalSection(SolutionConfigurationPlatforms) = preSolution
		Debug|Any CPU = Debug|Any CPU
		Release|Any CPU = Release|Any CPU
	EndGlobalSection
	GlobalSection(ProjectConfigurationPlatforms) = postSolution
		{DD8D796A-D1A6-49CC-8552-C8370C46FD78}.Debug|Any CPU.ActiveCfg = Debug|Any CPU
		{DD8D796A-D1A6-49CC-8552-C8370C46FD78}.Debug|Any CPU.Build.0 = Debug|Any CPU
		{DD8D796A-D1A6-49CC-8552-C8370C46FD78}.Release|Any CPU.ActiveCfg = Release|Any CPU
		{DD8D796A-D1A6-49CC-8552-C8370C46FD78}.Release|Any CPU.Build.0 = Release|Any CPU
		{6F062DE5-B741-41AA-9D43-E2EA8558E96A}.Debug|Any CPU.ActiveCfg = Debug|Any CPU
		{6F062DE5-B741-41AA-9D43-E2EA8558E96A}.Debug|Any CPU.Build.0 = Debug|Any CPU
		{6F062DE5-B741-41AA-9D43-E2EA8558E96A}.Release|Any CPU.ActiveCfg = Release|Any CPU
		{6F062DE5-B741-41AA-9D43-E2EA8558E96A}.Release|Any CPU.Build.0 = Release|Any CPU
		{5D7F0824-E245-4ED8-9A5D-274444D2E6BA}.Debug|Any CPU.ActiveCfg = Debug|Any CPU
		{5D7F0824-E245-4ED8-9A5D-274444D2E6BA}.Debug|Any CPU.Build.0 = Debug|Any CPU
		{5D7F0824-E245-4ED8-9A5D-274444D2E6BA}.Release|Any CPU.ActiveCfg = Release|Any CPU
		{5D7F0824-E245-4ED8-9A5D-274444D2E6BA}.Release|Any CPU.Build.0 = Release|Any CPU
		{FC958ADD-0C0A-4381-90E7-9F288D79753E}.Debug|Any CPU.ActiveCfg = Debug|Any CPU
		{FC958ADD-0C0A-4381-90E7-9F288D79753E}.Debug|Any CPU.Build.0 = Debug|Any CPU
		{FC958ADD-0C0A-4381-90E7-9F288D79753E}.Release|Any CPU.ActiveCfg = Release|Any CPU
		{FC958ADD-0C0A-4381-90E7-9F288D79753E}.Release|Any CPU.Build.0 = Release|Any CPU
		{096F647F-E79B-4869-A2ED-100BAB35C980}.Debug|Any CPU.ActiveCfg = Debug|Any CPU
		{096F647F-E79B-4869-A2ED-100BAB35C980}.Debug|Any CPU.Build.0 = Debug|Any CPU
		{096F647F-E79B-4869-A2ED-100BAB35C980}.Release|Any CPU.ActiveCfg = Release|Any CPU
		{096F647F-E79B-4869-A2ED-100BAB35C980}.Release|Any CPU.Build.0 = Release|Any CPU
		{0BBE64E3-A8DC-442A-8B02-1BD85CB6DDA3}.Debug|Any CPU.ActiveCfg = Debug|Any CPU
		{0BBE64E3-A8DC-442A-8B02-1BD85CB6DDA3}.Debug|Any CPU.Build.0 = Debug|Any CPU
		{0BBE64E3-A8DC-442A-8B02-1BD85CB6DDA3}.Release|Any CPU.ActiveCfg = Release|Any CPU
		{0BBE64E3-A8DC-442A-8B02-1BD85CB6DDA3}.Release|Any CPU.Build.0 = Release|Any CPU
	EndGlobalSection
	GlobalSection(SolutionProperties) = preSolution
		HideSolutionNode = FALSE
	EndGlobalSection
	GlobalSection(ExtensibilityGlobals) = postSolution
		SolutionGuid = {915D8217-38CA-479D-8DC4-F6E4AAE5C98B}
	EndGlobalSection
EndGlobal
